// !$*UTF8*$!
{
	"archiveVersion" = 1;
	"classes" = {
	};
	"objectVersion" = 56;
	"objects" = {
		"7FE110A1B16F1C76E2B44EAB" = {
			"isa" = "PBXFileReference";
			"lastKnownFileType" = "sourcecode.swift";
			"path" = "App/AccountView.swift";
			"sourceTree" = "<group>";
		};
		"64813A2E149DC6AB711E2D08" = {
			"isa" = "PBXBuildFile";
			"fileRef" = "7FE110A1B16F1C76E2B44EAB";
		};
		"74E41CC929B3EEB9D9C0C251" = {
			"isa" = "PBXFileReference";
			"lastKnownFileType" = "sourcecode.swift";
			"path" = "App/ActivityBrowserView.swift";
			"sourceTree" = "<group>";
		};
		"07F9CEF9B4809A61F7EB4342" = {
			"isa" = "PBXBuildFile";
			"fileRef" = "74E41CC929B3EEB9D9C0C251";
		};
		"1A4BB41766280F97D1CF2C6B" = {
			"isa" = "PBXFileReference";
			"lastKnownFileType" = "sourcecode.swift";
			"path" = "App/ActivityDetailView.swift";
			"sourceTree" = "<group>";
		};
		"CE576AE852497959A48EEBD7" = {
			"isa" = "PBXBuildFile";
			"fileRef" = "1A4BB41766280F97D1CF2C6B";
		};
		"C4BDF11757060F5BF5F74795" = {
			"isa" = "PBXFileReference";
			"lastKnownFileType" = "sourcecode.swift";
			"path" = "App/ActivityFixtureSupport.swift";
			"sourceTree" = "<group>";
		};
		"7E777B37DB6CBF472FFD335C" = {
			"isa" = "PBXBuildFile";
			"fileRef" = "C4BDF11757060F5BF5F74795";
		};
		"1AF49DE02FE53B0E9C4C5C59" = {
			"isa" = "PBXFileReference";
			"lastKnownFileType" = "sourcecode.swift";
			"path" = "App/ActivityReading.swift";
			"sourceTree" = "<group>";
		};
		"863666D33411E600CCC1376F" = {
			"isa" = "PBXBuildFile";
			"fileRef" = "1AF49DE02FE53B0E9C4C5C59";
		};
		"66549DA0D0592DA5EE9730F5" = {
			"isa" = "PBXFileReference";
			"lastKnownFileType" = "sourcecode.swift";
			"path" = "App/AppSession.swift";
			"sourceTree" = "<group>";
		};
		"ECD2264D1FFB6B568359A80B" = {
			"isa" = "PBXBuildFile";
			"fileRef" = "66549DA0D0592DA5EE9730F5";
		};
		"EF553015C2024B8231000DA4" = {
			"isa" = "PBXFileReference";
			"lastKnownFileType" = "sourcecode.swift";
			"path" = "App/AuthChannelAppleButton.swift";
			"sourceTree" = "<group>";
		};
		"0B011F6E9B82D3A1F32D1BF6" = {
			"isa" = "PBXBuildFile";
			"fileRef" = "EF553015C2024B8231000DA4";
		};
		"6F42EBEA1DC063C5D3EBC5BB" = {
			"isa" = "PBXFileReference";
			"lastKnownFileType" = "sourcecode.swift";
			"path" = "App/AuthChannelModel.swift";
			"sourceTree" = "<group>";
		};
		"040F13BB1A7C719666560B10" = {
			"isa" = "PBXBuildFile";
			"fileRef" = "6F42EBEA1DC063C5D3EBC5BB";
		};
		"D94CA663BB4C6261A21DCE65" = {
			"isa" = "PBXFileReference";
			"lastKnownFileType" = "sourcecode.swift";
			"path" = "App/AuthChannelView.swift";
			"sourceTree" = "<group>";
		};
		"025A794DAAC8A98EDCF1C7BF" = {
			"isa" = "PBXBuildFile";
			"fileRef" = "D94CA663BB4C6261A21DCE65";
		};
		"FF87529B40E21D36CC9ED99F" = {
			"isa" = "PBXFileReference";
			"lastKnownFileType" = "sourcecode.swift";
			"path" = "App/ClubActionFixtureSupport.swift";
			"sourceTree" = "<group>";
		};
		"D22EE7F9861F005F98300F98" = {
			"isa" = "PBXBuildFile";
			"fileRef" = "FF87529B40E21D36CC9ED99F";
		};
		"192BD39924E71BE96ED1AD43" = {
			"isa" = "PBXFileReference";
			"lastKnownFileType" = "sourcecode.swift";
			"path" = "App/ClubActionPanel.swift";
			"sourceTree" = "<group>";
		};
		"46A7B9E26B8772353113B0F6" = {
			"isa" = "PBXBuildFile";
			"fileRef" = "192BD39924E71BE96ED1AD43";
		};
		"154AD76AE4784E1D99C64578" = {
			"isa" = "PBXFileReference";
			"lastKnownFileType" = "sourcecode.swift";
			"path" = "App/ClubComponents.swift";
			"sourceTree" = "<group>";
		};
		"23E265730E3F6A465B598B94" = {
			"isa" = "PBXBuildFile";
			"fileRef" = "154AD76AE4784E1D99C64578";
		};
		"D8DA1FD14F9B750D9D4E64D6" = {
			"isa" = "PBXFileReference";
			"lastKnownFileType" = "sourcecode.swift";
			"path" = "App/ClubDetailView.swift";
			"sourceTree" = "<group>";
		};
		"5453573F16CFD92D6AA09247" = {
			"isa" = "PBXBuildFile";
			"fileRef" = "D8DA1FD14F9B750D9D4E64D6";
		};
		"D9F2B23946B7D2A7C1A4EB11" = {
			"isa" = "PBXFileReference";
			"lastKnownFileType" = "sourcecode.swift";
			"path" = "App/ClubDirectoryView.swift";
			"sourceTree" = "<group>";
		};
		"AA497B603AF59E3F239AA03C" = {
			"isa" = "PBXBuildFile";
			"fileRef" = "D9F2B23946B7D2A7C1A4EB11";
		};
		"87EA5D2E6E959776698EC5F0" = {
			"isa" = "PBXFileReference";
			"lastKnownFileType" = "sourcecode.swift";
			"path" = "App/ClubFixtureSupport.swift";
			"sourceTree" = "<group>";
		};
		"4E81B96F1EAA270AA63DB4C2" = {
			"isa" = "PBXBuildFile";
			"fileRef" = "87EA5D2E6E959776698EC5F0";
		};
		"E95A4B9615F63AF3C46BD526" = {
			"isa" = "PBXFileReference";
			"lastKnownFileType" = "sourcecode.swift";
			"path" = "App/ClubHomeView.swift";
			"sourceTree" = "<group>";
		};
		"6905EBD934EEB1302ADA083F" = {
			"isa" = "PBXBuildFile";
			"fileRef" = "E95A4B9615F63AF3C46BD526";
		};
		"E0455209C4F8D9AF9BD8B1B7" = {
			"isa" = "PBXFileReference";
			"lastKnownFileType" = "sourcecode.swift";
			"path" = "App/ClubMembersView.swift";
			"sourceTree" = "<group>";
		};
		"FB7928B0ED10FDA077FC377D" = {
			"isa" = "PBXBuildFile";
			"fileRef" = "E0455209C4F8D9AF9BD8B1B7";
		};
		"97BCD19A884437E62D5E6D65" = {
			"isa" = "PBXFileReference";
			"lastKnownFileType" = "sourcecode.swift";
			"path" = "App/ClubReadScreen.swift";
			"sourceTree" = "<group>";
		};
		"F1B0FA7ABABF58085ADB50AD" = {
			"isa" = "PBXBuildFile";
			"fileRef" = "97BCD19A884437E62D5E6D65";
		};
		"3FFA3958EDD157C5A3D94CAA" = {
			"isa" = "PBXFileReference";
			"lastKnownFileType" = "sourcecode.swift";
			"path" = "App/DiscoveryComponents.swift";
			"sourceTree" = "<group>";
		};
		"69AB87740CE786288AB31FBB" = {
			"isa" = "PBXBuildFile";
			"fileRef" = "3FFA3958EDD157C5A3D94CAA";
		};
		"994176C6C811A84F940EF3A6" = {
			"isa" = "PBXFileReference";
			"lastKnownFileType" = "sourcecode.swift";
			"path" = "App/DiscoveryFixtureReader.swift";
			"sourceTree" = "<group>";
		};
		"7C73A1A22208E96E29BBF176" = {
			"isa" = "PBXBuildFile";
			"fileRef" = "994176C6C811A84F940EF3A6";
		};
		"5E4C9DA186766EC2AE527B4F" = {
			"isa" = "PBXFileReference";
			"lastKnownFileType" = "sourcecode.swift";
			"path" = "App/DiscoveryHomeView.swift";
			"sourceTree" = "<group>";
		};
		"1BB6B894482CFEB1F85DE54E" = {
			"isa" = "PBXBuildFile";
			"fileRef" = "5E4C9DA186766EC2AE527B4F";
		};
		"954654D2182D28E2FED24D49" = {
			"isa" = "PBXFileReference";
			"lastKnownFileType" = "sourcecode.swift";
			"path" = "App/DiscoveryReading.swift";
			"sourceTree" = "<group>";
		};
		"9C396623FB49C848013F6C07" = {
			"isa" = "PBXBuildFile";
			"fileRef" = "954654D2182D28E2FED24D49";
		};
		"8556CC5E6DC67E781F307C5E" = {
			"isa" = "PBXFileReference";
			"lastKnownFileType" = "sourcecode.swift";
			"path" = "App/DiscoveryTemplateBrowserView.swift";
			"sourceTree" = "<group>";
		};
		"330AF3390333085976DE682E" = {
			"isa" = "PBXBuildFile";
			"fileRef" = "8556CC5E6DC67E781F307C5E";
		};
		"6B7666BF716D080EDBB5A557" = {
			"isa" = "PBXFileReference";
			"lastKnownFileType" = "sourcecode.swift";
			"path" = "App/DiscoveryTemplateDetailView.swift";
			"sourceTree" = "<group>";
		};
		"9913528BF941B60FF651872A" = {
			"isa" = "PBXBuildFile";
			"fileRef" = "6B7666BF716D080EDBB5A557";
		};
		"490C9C54035456EAE4C8AA3C" = {
			"isa" = "PBXFileReference";
			"lastKnownFileType" = "sourcecode.swift";
			"path" = "App/KeychainTokenStore.swift";
			"sourceTree" = "<group>";
		};
		"ECDA26536837E6D6B882ED12" = {
			"isa" = "PBXBuildFile";
			"fileRef" = "490C9C54035456EAE4C8AA3C";
		};
		"B435788993D860E24976C9CE" = {
			"isa" = "PBXFileReference";
			"lastKnownFileType" = "sourcecode.swift";
			"path" = "App/LoginView.swift";
			"sourceTree" = "<group>";
		};
		"7F1BDE17F75E817CC8DBFD44" = {
			"isa" = "PBXBuildFile";
			"fileRef" = "B435788993D860E24976C9CE";
		};
		"08F8AC3C8F671CAA64CD9E1D" = {
			"isa" = "PBXFileReference";
			"lastKnownFileType" = "sourcecode.swift";
			"path" = "App/MerchantFixtureSupport.swift";
			"sourceTree" = "<group>";
		};
		"1F921D82E28BD3A77A7EED07" = {
			"isa" = "PBXBuildFile";
			"fileRef" = "08F8AC3C8F671CAA64CD9E1D";
		};
		"68E92BB6D2CE6FC9F7E21342" = {
			"isa" = "PBXFileReference";
			"lastKnownFileType" = "sourcecode.swift";
			"path" = "App/MerchantHomeView.swift";
			"sourceTree" = "<group>";
		};
		"C335BC863FDD8AF9BAF5FAE1" = {
			"isa" = "PBXBuildFile";
			"fileRef" = "68E92BB6D2CE6FC9F7E21342";
		};
		"84734753B373A9B5BDD628D3" = {
			"isa" = "PBXFileReference";
			"lastKnownFileType" = "sourcecode.swift";
			"path" = "App/MerchantOrdersView.swift";
			"sourceTree" = "<group>";
		};
		"03FEDE05D92D74987FD10FA6" = {
			"isa" = "PBXBuildFile";
			"fileRef" = "84734753B373A9B5BDD628D3";
		};
		"DBE29D3BDC846C0DFBA58445" = {
			"isa" = "PBXFileReference";
			"lastKnownFileType" = "sourcecode.swift";
			"path" = "App/MerchantProjectsView.swift";
			"sourceTree" = "<group>";
		};
		"E71288EBC5D73C2E530733C6" = {
			"isa" = "PBXBuildFile";
			"fileRef" = "DBE29D3BDC846C0DFBA58445";
		};
		"1B669FE8967D226459920FAD" = {
			"isa" = "PBXFileReference";
			"lastKnownFileType" = "sourcecode.swift";
			"path" = "App/MerchantReading.swift";
			"sourceTree" = "<group>";
		};
		"887044941B1C20B7C94C8E32" = {
			"isa" = "PBXBuildFile";
			"fileRef" = "1B669FE8967D226459920FAD";
		};
		"88958C6D61F1AB10FAECDEA2" = {
			"isa" = "PBXFileReference";
			"lastKnownFileType" = "sourcecode.swift";
			"path" = "App/MessageActionComposer.swift";
			"sourceTree" = "<group>";
		};
		"F49064626F936DD126C1C639" = {
			"isa" = "PBXBuildFile";
			"fileRef" = "88958C6D61F1AB10FAECDEA2";
		};
		"EA30A4D56BE4084AAD02B229" = {
			"isa" = "PBXFileReference";
			"lastKnownFileType" = "sourcecode.swift";
			"path" = "App/MessageActionFixture.swift";
			"sourceTree" = "<group>";
		};
		"6C532C2CD0D7ACB243E8A150" = {
			"isa" = "PBXBuildFile";
			"fileRef" = "EA30A4D56BE4084AAD02B229";
		};
		"36D36105228669223151C6E9" = {
			"isa" = "PBXFileReference";
			"lastKnownFileType" = "sourcecode.swift";
			"path" = "App/MessagingComponents.swift";
			"sourceTree" = "<group>";
		};
		"D368623759022560DCCC362A" = {
			"isa" = "PBXBuildFile";
			"fileRef" = "36D36105228669223151C6E9";
		};
		"7DA2D5E3D7140ECB25AB12DE" = {
			"isa" = "PBXFileReference";
			"lastKnownFileType" = "sourcecode.swift";
			"path" = "App/MessagingFixtureSupport.swift";
			"sourceTree" = "<group>";
		};
		"2575EB47755A47A854AAF840" = {
			"isa" = "PBXBuildFile";
			"fileRef" = "7DA2D5E3D7140ECB25AB12DE";
		};
		"9B094AF03554FF4A9A86C5FB" = {
			"isa" = "PBXFileReference";
			"lastKnownFileType" = "sourcecode.swift";
			"path" = "App/MessagingHistoryView.swift";
			"sourceTree" = "<group>";
		};
		"2EE93CEE4C6FC5C2005B2086" = {
			"isa" = "PBXBuildFile";
			"fileRef" = "9B094AF03554FF4A9A86C5FB";
		};
		"F5CC5BCBF4AF6D44E94D0E4A" = {
			"isa" = "PBXFileReference";
			"lastKnownFileType" = "sourcecode.swift";
			"path" = "App/MessagingHomeView.swift";
			"sourceTree" = "<group>";
		};
		"599673623FCFBE4A3439BC29" = {
			"isa" = "PBXBuildFile";
			"fileRef" = "F5CC5BCBF4AF6D44E94D0E4A";
		};
		"CC995ACAD2915B96B718DA98" = {
			"isa" = "PBXFileReference";
			"lastKnownFileType" = "sourcecode.swift";
			"path" = "App/MessagingMessageDetailView.swift";
			"sourceTree" = "<group>";
		};
		"AF773851A7178843B7602CE6" = {
			"isa" = "PBXBuildFile";
			"fileRef" = "CC995ACAD2915B96B718DA98";
		};
		"776E5E0569A65A32168F48F8" = {
			"isa" = "PBXFileReference";
			"lastKnownFileType" = "sourcecode.swift";
			"path" = "App/ModuleFixtureSupport.swift";
			"sourceTree" = "<group>";
		};
		"D9146E8573CBB05BDEE40086" = {
			"isa" = "PBXBuildFile";
			"fileRef" = "776E5E0569A65A32168F48F8";
		};
		"FABCEFB4B294DBD3FFD196ED" = {
			"isa" = "PBXFileReference";
			"lastKnownFileType" = "sourcecode.swift";
			"path" = "App/NativeQRScanner.swift";
			"sourceTree" = "<group>";
		};
		"A85668FB109326CBF51DB01F" = {
			"isa" = "PBXBuildFile";
			"fileRef" = "FABCEFB4B294DBD3FFD196ED";
		};
		"3C8FDCB83621F3F778B1468D" = {
			"isa" = "PBXFileReference";
			"lastKnownFileType" = "sourcecode.swift";
			"path" = "App/ParticipantFixtureSupport.swift";
			"sourceTree" = "<group>";
		};
		"271C63B29300E666BB479CA6" = {
			"isa" = "PBXBuildFile";
			"fileRef" = "3C8FDCB83621F3F778B1468D";
		};
		"6B850DD802451651CC20C8F6" = {
			"isa" = "PBXFileReference";
			"lastKnownFileType" = "sourcecode.swift";
			"path" = "App/ParticipantFormView.swift";
			"sourceTree" = "<group>";
		};
		"52BE73F8562BF15EC5FFEC89" = {
			"isa" = "PBXBuildFile";
			"fileRef" = "6B850DD802451651CC20C8F6";
		};
		"D3518A6D184461BAABC9B38D" = {
			"isa" = "PBXFileReference";
			"lastKnownFileType" = "sourcecode.swift";
			"path" = "App/ParticipantManagementDetailView.swift";
			"sourceTree" = "<group>";
		};
		"30A3FD97A0BA444F9CCA644F" = {
			"isa" = "PBXBuildFile";
			"fileRef" = "D3518A6D184461BAABC9B38D";
		};
		"AD6FCC85D92D4AAF8EAF3130" = {
			"isa" = "PBXFileReference";
			"lastKnownFileType" = "sourcecode.swift";
			"path" = "App/PlayComponents.swift";
			"sourceTree" = "<group>";
		};
		"21D7B5754F6E32C0EC571627" = {
			"isa" = "PBXBuildFile";
			"fileRef" = "AD6FCC85D92D4AAF8EAF3130";
		};
		"2F946D4ED713A80D950EBE82" = {
			"isa" = "PBXFileReference";
			"lastKnownFileType" = "sourcecode.swift";
			"path" = "App/PlayFixtureSupport.swift";
			"sourceTree" = "<group>";
		};
		"BC97DA2422CF6AD4EA6F407B" = {
			"isa" = "PBXBuildFile";
			"fileRef" = "2F946D4ED713A80D950EBE82";
		};
		"801A5FFBB1154A4EE06A2C17" = {
			"isa" = "PBXFileReference";
			"lastKnownFileType" = "sourcecode.swift";
			"path" = "App/PlayNodeDetailView.swift";
			"sourceTree" = "<group>";
		};
		"C592CFD2F078C7F8B20D8CED" = {
			"isa" = "PBXBuildFile";
			"fileRef" = "801A5FFBB1154A4EE06A2C17";
		};
		"9DED8EAB4F6ECDEDC6582DF7" = {
			"isa" = "PBXFileReference";
			"lastKnownFileType" = "sourcecode.swift";
			"path" = "App/PlaySessionView.swift";
			"sourceTree" = "<group>";
		};
		"DE22C6AF8BB9C33C00FEF593" = {
			"isa" = "PBXBuildFile";
			"fileRef" = "9DED8EAB4F6ECDEDC6582DF7";
		};
		"2174F61B80F6EB897A2E4519" = {
			"isa" = "PBXFileReference";
			"lastKnownFileType" = "sourcecode.swift";
			"path" = "App/ProfileAccountLinks.swift";
			"sourceTree" = "<group>";
		};
		"A1151449A4300E86E84B1385" = {
			"isa" = "PBXBuildFile";
			"fileRef" = "2174F61B80F6EB897A2E4519";
		};
		"C26CA241BE029CAD13B6F6C3" = {
			"isa" = "PBXFileReference";
			"lastKnownFileType" = "sourcecode.swift";
			"path" = "App/ProfileBadgesView.swift";
			"sourceTree" = "<group>";
		};
		"E9E90C983628299A019FADE6" = {
			"isa" = "PBXBuildFile";
			"fileRef" = "C26CA241BE029CAD13B6F6C3";
		};
		"5C2631078332A2912D0A5F5C" = {
			"isa" = "PBXFileReference";
			"lastKnownFileType" = "sourcecode.swift";
			"path" = "App/ProfileFixtureSupport.swift";
			"sourceTree" = "<group>";
		};
		"E734CF4271091DCB1AA025FB" = {
			"isa" = "PBXBuildFile";
			"fileRef" = "5C2631078332A2912D0A5F5C";
		};
		"DEEA91197642B4B295A6A184" = {
			"isa" = "PBXFileReference";
			"lastKnownFileType" = "sourcecode.swift";
			"path" = "App/ProfileOrdersView.swift";
			"sourceTree" = "<group>";
		};
		"E7D797B4AB3C3ACFE88D5BAF" = {
			"isa" = "PBXBuildFile";
			"fileRef" = "DEEA91197642B4B295A6A184";
		};
		"13E3B23250A44787F31332B4" = {
			"isa" = "PBXFileReference";
			"lastKnownFileType" = "sourcecode.swift";
			"path" = "App/ProfileParticipantsView.swift";
			"sourceTree" = "<group>";
		};
		"BA8142009EB964EA83E45805" = {
			"isa" = "PBXBuildFile";
			"fileRef" = "13E3B23250A44787F31332B4";
		};
		"16F15ED28BB4D950546E46C7" = {
			"isa" = "PBXFileReference";
			"lastKnownFileType" = "sourcecode.swift";
			"path" = "App/ProfileReadScreen.swift";
			"sourceTree" = "<group>";
		};
		"3AD79AB7E363F13C47B90B94" = {
			"isa" = "PBXBuildFile";
			"fileRef" = "16F15ED28BB4D950546E46C7";
		};
		"44FF6526D3EDDFF8AA848DB9" = {
			"isa" = "PBXFileReference";
			"lastKnownFileType" = "sourcecode.swift";
			"path" = "App/QuestifyApp.swift";
			"sourceTree" = "<group>";
		};
		"D5A32CFBA3E396C0AED0C327" = {
			"isa" = "PBXBuildFile";
			"fileRef" = "44FF6526D3EDDFF8AA848DB9";
		};
		"BBA28852507C4E8289D39CDE" = {
			"isa" = "PBXFileReference";
			"lastKnownFileType" = "sourcecode.swift";
			"path" = "App/RegistrationFixtureSupport.swift";
			"sourceTree" = "<group>";
		};
		"9C6FEB76703B3574FCB7FB1F" = {
			"isa" = "PBXBuildFile";
			"fileRef" = "BBA28852507C4E8289D39CDE";
		};
		"E56FC43247EC49F76EA26254" = {
			"isa" = "PBXFileReference";
			"lastKnownFileType" = "sourcecode.swift";
			"path" = "App/RegistrationSheetView.swift";
			"sourceTree" = "<group>";
		};
		"C09632AC44E3FB3398AF4276" = {
			"isa" = "PBXBuildFile";
			"fileRef" = "E56FC43247EC49F76EA26254";
		};
		"227D0690AF5DE42919B1352B" = {
			"isa" = "PBXFileReference";
			"lastKnownFileType" = "sourcecode.swift";
			"path" = "App/RoamAreaPicker.swift";
			"sourceTree" = "<group>";
		};
		"F64D5DBBE1DA9959FEB6BF02" = {
			"isa" = "PBXBuildFile";
			"fileRef" = "227D0690AF5DE42919B1352B";
		};
		"C1A7D9313401863FF753081E" = {
			"isa" = "PBXFileReference";
			"lastKnownFileType" = "sourcecode.swift";
			"path" = "App/RoamBrowserView.swift";
			"sourceTree" = "<group>";
		};
		"A18D06F451FFA719EC61F3F2" = {
			"isa" = "PBXBuildFile";
			"fileRef" = "C1A7D9313401863FF753081E";
		};
		"4B6E710ECC432A4DAFCB10EB" = {
			"isa" = "PBXFileReference";
			"lastKnownFileType" = "sourcecode.swift";
			"path" = "App/RoamComponents.swift";
			"sourceTree" = "<group>";
		};
		"2329C6D958A7CC0759F4CE51" = {
			"isa" = "PBXBuildFile";
			"fileRef" = "4B6E710ECC432A4DAFCB10EB";
		};
		"E857D36452456D3482E1B9CD" = {
			"isa" = "PBXFileReference";
			"lastKnownFileType" = "sourcecode.swift";
			"path" = "App/RoamFixtureReader.swift";
			"sourceTree" = "<group>";
		};
		"F786C0FE961AE5B5C3EB82DC" = {
			"isa" = "PBXBuildFile";
			"fileRef" = "E857D36452456D3482E1B9CD";
		};
		"B159364663116DE73256EF16" = {
			"isa" = "PBXFileReference";
			"lastKnownFileType" = "sourcecode.swift";
			"path" = "App/RoamItemDetailView.swift";
			"sourceTree" = "<group>";
		};
		"046C86AC014A9BF8181721C2" = {
			"isa" = "PBXBuildFile";
			"fileRef" = "B159364663116DE73256EF16";
		};
		"95A667BE63CA88C61D4DFD03" = {
			"isa" = "PBXFileReference";
			"lastKnownFileType" = "sourcecode.swift";
			"path" = "App/RoamMapView.swift";
			"sourceTree" = "<group>";
		};
		"B4E5CD9C4513CF0FEA8ACC2B" = {
			"isa" = "PBXBuildFile";
			"fileRef" = "95A667BE63CA88C61D4DFD03";
		};
		"4C8AE753042E98C4805108B1" = {
			"isa" = "PBXFileReference";
			"lastKnownFileType" = "sourcecode.swift";
			"path" = "App/SessionRegistrationSheet.swift";
			"sourceTree" = "<group>";
		};
		"B1EDF6D721DB4159FC852D2B" = {
			"isa" = "PBXBuildFile";
			"fileRef" = "4C8AE753042E98C4805108B1";
		};
		"26784887E03A250B06027F4D" = {
			"isa" = "PBXFileReference";
			"lastKnownFileType" = "sourcecode.swift";
			"path" = "App/SettingsView.swift";
			"sourceTree" = "<group>";
		};
		"726B017AB0C8377AA9E03CB7" = {
			"isa" = "PBXBuildFile";
			"fileRef" = "26784887E03A250B06027F4D";
		};
		"A2BE8FFFF74D7C463766EE66" = {
			"isa" = "PBXFileReference";
			"lastKnownFileType" = "sourcecode.swift";
			"path" = "App/WelcomeView.swift";
			"sourceTree" = "<group>";
		};
		"2EE67CDA63671CFD5FF1290C" = {
			"isa" = "PBXBuildFile";
			"fileRef" = "A2BE8FFFF74D7C463766EE66";
		};
		"DD569E269DB56BCD23E31191" = {
			"isa" = "PBXFileReference";
			"lastKnownFileType" = "sourcecode.swift";
			"path" = "Core/APIConfiguration.swift";
			"sourceTree" = "<group>";
		};
		"54FE7793AD08F2A7B60C1BE0" = {
			"isa" = "PBXBuildFile";
			"fileRef" = "DD569E269DB56BCD23E31191";
		};
		"09D0D765E8E54736A13F3A2C" = {
			"isa" = "PBXFileReference";
			"lastKnownFileType" = "sourcecode.swift";
			"path" = "Core/Account.swift";
			"sourceTree" = "<group>";
		};
		"1C97DA28C6AF31AF423963EC" = {
			"isa" = "PBXBuildFile";
			"fileRef" = "09D0D765E8E54736A13F3A2C";
		};
		"3763B23C284D37776F6F43BE" = {
			"isa" = "PBXFileReference";
			"lastKnownFileType" = "sourcecode.swift";
			"path" = "Core/ActivityDetail.swift";
			"sourceTree" = "<group>";
		};
		"998052F18D28B531A21A68C8" = {
			"isa" = "PBXBuildFile";
			"fileRef" = "3763B23C284D37776F6F43BE";
		};
		"79E56E008136D2757471DA70" = {
			"isa" = "PBXFileReference";
			"lastKnownFileType" = "sourcecode.swift";
			"path" = "Core/ActivityService.swift";
			"sourceTree" = "<group>";
		};
		"73383D9E38C0FEE599501180" = {
			"isa" = "PBXBuildFile";
			"fileRef" = "79E56E008136D2757471DA70";
		};
		"75DD842E1C72391E33AB1228" = {
			"isa" = "PBXFileReference";
			"lastKnownFileType" = "sourcecode.swift";
			"path" = "Core/ActivitySummary.swift";
			"sourceTree" = "<group>";
		};
		"F986E08EEEF5D1E1BBFEA3E0" = {
			"isa" = "PBXBuildFile";
			"fileRef" = "75DD842E1C72391E33AB1228";
		};
		"23B94D52B4077ADEA360A424" = {
			"isa" = "PBXFileReference";
			"lastKnownFileType" = "sourcecode.swift";
			"path" = "Core/AppPreferences.swift";
			"sourceTree" = "<group>";
		};
		"EFD0C7603312157E857957E6" = {
			"isa" = "PBXBuildFile";
			"fileRef" = "23B94D52B4077ADEA360A424";
		};
		"33F68D45CFFA432CD8AB5D73" = {
			"isa" = "PBXFileReference";
			"lastKnownFileType" = "sourcecode.swift";
			"path" = "Core/AuthChannelCoordinator.swift";
			"sourceTree" = "<group>";
		};
		"93A9AA6AD49D2B0EC8F3524B" = {
			"isa" = "PBXBuildFile";
			"fileRef" = "33F68D45CFFA432CD8AB5D73";
		};
		"C7ED8788255E13734272797F" = {
			"isa" = "PBXFileReference";
			"lastKnownFileType" = "sourcecode.swift";
			"path" = "Core/AuthChannelService.swift";
			"sourceTree" = "<group>";
		};
		"27C8537C8ED7F7AE69910709" = {
			"isa" = "PBXBuildFile";
			"fileRef" = "C7ED8788255E13734272797F";
		};
		"20BB6067303A0CDE2B4AC89A" = {
			"isa" = "PBXFileReference";
			"lastKnownFileType" = "sourcecode.swift";
			"path" = "Core/AuthRequestBuilder.swift";
			"sourceTree" = "<group>";
		};
		"A31D37224ABB224D19DD844D" = {
			"isa" = "PBXBuildFile";
			"fileRef" = "20BB6067303A0CDE2B4AC89A";
		};
		"696F827999369F5AFB5AC512" = {
			"isa" = "PBXFileReference";
			"lastKnownFileType" = "sourcecode.swift";
			"path" = "Core/AuthService.swift";
			"sourceTree" = "<group>";
		};
		"5BFCEC69121174BE32FD2B54" = {
			"isa" = "PBXBuildFile";
			"fileRef" = "696F827999369F5AFB5AC512";
		};
		"35C79571D0E400999338F5A5" = {
			"isa" = "PBXFileReference";
			"lastKnownFileType" = "sourcecode.swift";
			"path" = "Core/ClubActionContracts.swift";
			"sourceTree" = "<group>";
		};
		"236BF6924C78F8495C240306" = {
			"isa" = "PBXBuildFile";
			"fileRef" = "35C79571D0E400999338F5A5";
		};
		"60735704B98EB6E0DBDFA5A8" = {
			"isa" = "PBXFileReference";
			"lastKnownFileType" = "sourcecode.swift";
			"path" = "Core/ClubActionCoordinator.swift";
			"sourceTree" = "<group>";
		};
		"F40CF93F14EFF126EB3BC825" = {
			"isa" = "PBXBuildFile";
			"fileRef" = "60735704B98EB6E0DBDFA5A8";
		};
		"4DB09B674A9CB08E71DD9A0A" = {
			"isa" = "PBXFileReference";
			"lastKnownFileType" = "sourcecode.swift";
			"path" = "Core/ClubActionService.swift";
			"sourceTree" = "<group>";
		};
		"100969A88506CF25C78E99A8" = {
			"isa" = "PBXBuildFile";
			"fileRef" = "4DB09B674A9CB08E71DD9A0A";
		};
		"B3637A5508AC79DC5F3406FD" = {
			"isa" = "PBXFileReference";
			"lastKnownFileType" = "sourcecode.swift";
			"path" = "Core/ClubActionWriting.swift";
			"sourceTree" = "<group>";
		};
		"8AEC4003AF0C01ED030B46D8" = {
			"isa" = "PBXBuildFile";
			"fileRef" = "B3637A5508AC79DC5F3406FD";
		};
		"319440C5604A8038574B7396" = {
			"isa" = "PBXFileReference";
			"lastKnownFileType" = "sourcecode.swift";
			"path" = "Core/ClubContracts.swift";
			"sourceTree" = "<group>";
		};
		"8939A3B7DDF28D23DB3E5A70" = {
			"isa" = "PBXBuildFile";
			"fileRef" = "319440C5604A8038574B7396";
		};
		"0354569B1D7808C1BE8DB028" = {
			"isa" = "PBXFileReference";
			"lastKnownFileType" = "sourcecode.swift";
			"path" = "Core/ClubReading.swift";
			"sourceTree" = "<group>";
		};
		"12B39DAECC4D18241FC0F5A8" = {
			"isa" = "PBXBuildFile";
			"fileRef" = "0354569B1D7808C1BE8DB028";
		};
		"959ECC7C7B8E69BFEF7F2967" = {
			"isa" = "PBXFileReference";
			"lastKnownFileType" = "sourcecode.swift";
			"path" = "Core/ClubService.swift";
			"sourceTree" = "<group>";
		};
		"4B83E4AAF725D6606E16C448" = {
			"isa" = "PBXBuildFile";
			"fileRef" = "959ECC7C7B8E69BFEF7F2967";
		};
		"117FE1CF8FDCD95F69558FE4" = {
			"isa" = "PBXFileReference";
			"lastKnownFileType" = "sourcecode.swift";
			"path" = "Core/DiscoveryContracts.swift";
			"sourceTree" = "<group>";
		};
		"1EF609E78A0C3A65D42D30B7" = {
			"isa" = "PBXBuildFile";
			"fileRef" = "117FE1CF8FDCD95F69558FE4";
		};
		"328B155C3D06ADB0E2004597" = {
			"isa" = "PBXFileReference";
			"lastKnownFileType" = "sourcecode.swift";
			"path" = "Core/DiscoveryService.swift";
			"sourceTree" = "<group>";
		};
		"8D62665CDFB61FDC816FAE56" = {
			"isa" = "PBXBuildFile";
			"fileRef" = "328B155C3D06ADB0E2004597";
		};
		"BE135455D0D86AAC67045BFD" = {
			"isa" = "PBXFileReference";
			"lastKnownFileType" = "sourcecode.swift";
			"path" = "Core/MerchantAccess.swift";
			"sourceTree" = "<group>";
		};
		"A90C68395D92E7A0D5397A7E" = {
			"isa" = "PBXBuildFile";
			"fileRef" = "BE135455D0D86AAC67045BFD";
		};
		"FA67B3FD81BB2DC3578CAEC4" = {
			"isa" = "PBXFileReference";
			"lastKnownFileType" = "sourcecode.swift";
			"path" = "Core/MerchantContracts.swift";
			"sourceTree" = "<group>";
		};
		"F6BA6C977C3BFFAFE490ECEF" = {
			"isa" = "PBXBuildFile";
			"fileRef" = "FA67B3FD81BB2DC3578CAEC4";
		};
		"6CEE41140BF868AF57F5CD5B" = {
			"isa" = "PBXFileReference";
			"lastKnownFileType" = "sourcecode.swift";
			"path" = "Core/MerchantService.swift";
			"sourceTree" = "<group>";
		};
		"FB944BB0B3B0926D99437DF1" = {
			"isa" = "PBXBuildFile";
			"fileRef" = "6CEE41140BF868AF57F5CD5B";
		};
		"4E4F7718E1FC46BAF1C8310E" = {
			"isa" = "PBXFileReference";
			"lastKnownFileType" = "sourcecode.swift";
			"path" = "Core/MessageActionCoordinator.swift";
			"sourceTree" = "<group>";
		};
		"2EF18906F370F4D3CFDED374" = {
			"isa" = "PBXBuildFile";
			"fileRef" = "4E4F7718E1FC46BAF1C8310E";
		};
		"58375A4B159FA3FCCFBD99B2" = {
			"isa" = "PBXFileReference";
			"lastKnownFileType" = "sourcecode.swift";
			"path" = "Core/MessageActionService.swift";
			"sourceTree" = "<group>";
		};
		"B7B4E70B3E26F3AB3D294738" = {
			"isa" = "PBXBuildFile";
			"fileRef" = "58375A4B159FA3FCCFBD99B2";
		};
		"35F0E3634CE0AFD87CD15363" = {
			"isa" = "PBXFileReference";
			"lastKnownFileType" = "sourcecode.swift";
			"path" = "Core/MessagingContracts.swift";
			"sourceTree" = "<group>";
		};
		"C6BBAEF5E034C89CCF63BC32" = {
			"isa" = "PBXBuildFile";
			"fileRef" = "35F0E3634CE0AFD87CD15363";
		};
		"B1ACFDFD27577F8ADDE18C82" = {
			"isa" = "PBXFileReference";
			"lastKnownFileType" = "sourcecode.swift";
			"path" = "Core/MessagingHistory.swift";
			"sourceTree" = "<group>";
		};
		"0E7CBA438683F2C9353BA73E" = {
			"isa" = "PBXBuildFile";
			"fileRef" = "B1ACFDFD27577F8ADDE18C82";
		};
		"F2305EDF94ECD4905B299EE8" = {
			"isa" = "PBXFileReference";
			"lastKnownFileType" = "sourcecode.swift";
			"path" = "Core/MessagingReading.swift";
			"sourceTree" = "<group>";
		};
		"8C3E655599CB853C650538DE" = {
			"isa" = "PBXBuildFile";
			"fileRef" = "F2305EDF94ECD4905B299EE8";
		};
		"472FA664746B2CD036D869B6" = {
			"isa" = "PBXFileReference";
			"lastKnownFileType" = "sourcecode.swift";
			"path" = "Core/MessagingService.swift";
			"sourceTree" = "<group>";
		};
		"1B1D44A9C57431D355396740" = {
			"isa" = "PBXBuildFile";
			"fileRef" = "472FA664746B2CD036D869B6";
		};
		"02F5D75D53918F713B4413C8" = {
			"isa" = "PBXFileReference";
			"lastKnownFileType" = "sourcecode.swift";
			"path" = "Core/ParticipantCoordinator.swift";
			"sourceTree" = "<group>";
		};
		"A4EB48F58E9F588C500BE491" = {
			"isa" = "PBXBuildFile";
			"fileRef" = "02F5D75D53918F713B4413C8";
		};
		"EF92C3E7FB8F7188D37147C9" = {
			"isa" = "PBXFileReference";
			"lastKnownFileType" = "sourcecode.swift";
			"path" = "Core/ParticipantForm.swift";
			"sourceTree" = "<group>";
		};
		"5E5861895235D796F7142AFD" = {
			"isa" = "PBXBuildFile";
			"fileRef" = "EF92C3E7FB8F7188D37147C9";
		};
		"30B4EB913063C6BA5C8E2DC8" = {
			"isa" = "PBXFileReference";
			"lastKnownFileType" = "sourcecode.swift";
			"path" = "Core/ParticipantService.swift";
			"sourceTree" = "<group>";
		};
		"30947B950A21B91B3EF0ED43" = {
			"isa" = "PBXBuildFile";
			"fileRef" = "30B4EB913063C6BA5C8E2DC8";
		};
		"A5247684F803CD4650ED7CAB" = {
			"isa" = "PBXFileReference";
			"lastKnownFileType" = "sourcecode.swift";
			"path" = "Core/ParticipantWriting.swift";
			"sourceTree" = "<group>";
		};
		"C93197D770D82B7FABD9F476" = {
			"isa" = "PBXBuildFile";
			"fileRef" = "A5247684F803CD4650ED7CAB";
		};
		"77057DAB533E2C8DE2A43D93" = {
			"isa" = "PBXFileReference";
			"lastKnownFileType" = "sourcecode.swift";
			"path" = "Core/PlayContracts.swift";
			"sourceTree" = "<group>";
		};
		"DD5A903CE24355A4EA5E6ECB" = {
			"isa" = "PBXBuildFile";
			"fileRef" = "77057DAB533E2C8DE2A43D93";
		};
		"0E368FCECEEAC34F84073CFF" = {
			"isa" = "PBXFileReference";
			"lastKnownFileType" = "sourcecode.swift";
			"path" = "Core/PlayProgression.swift";
			"sourceTree" = "<group>";
		};
		"B8FA91C124E8ABEA33225949" = {
			"isa" = "PBXBuildFile";
			"fileRef" = "0E368FCECEEAC34F84073CFF";
		};
		"FED85B957B0AA453CB036CE1" = {
			"isa" = "PBXFileReference";
			"lastKnownFileType" = "sourcecode.swift";
			"path" = "Core/PlayReading.swift";
			"sourceTree" = "<group>";
		};
		"858AC73646BD05E47264E7C5" = {
			"isa" = "PBXBuildFile";
			"fileRef" = "FED85B957B0AA453CB036CE1";
		};
		"E14D2CDBC1159241B2089297" = {
			"isa" = "PBXFileReference";
			"lastKnownFileType" = "sourcecode.swift";
			"path" = "Core/PlayService.swift";
			"sourceTree" = "<group>";
		};
		"377AC63FA1FE739D264B78D5" = {
			"isa" = "PBXBuildFile";
			"fileRef" = "E14D2CDBC1159241B2089297";
		};
		"E1C0F976FD130942E76791ED" = {
			"isa" = "PBXFileReference";
			"lastKnownFileType" = "sourcecode.swift";
			"path" = "Core/ProfileContracts.swift";
			"sourceTree" = "<group>";
		};
		"6824DDCBBDF7B04003B34320" = {
			"isa" = "PBXBuildFile";
			"fileRef" = "E1C0F976FD130942E76791ED";
		};
		"7B66D10820834E019DF8ED15" = {
			"isa" = "PBXFileReference";
			"lastKnownFileType" = "sourcecode.swift";
			"path" = "Core/ProfileReading.swift";
			"sourceTree" = "<group>";
		};
		"7F446D30EDAAC722FE2C53FE" = {
			"isa" = "PBXBuildFile";
			"fileRef" = "7B66D10820834E019DF8ED15";
		};
		"CA2B69E511A592635EEA34E9" = {
			"isa" = "PBXFileReference";
			"lastKnownFileType" = "sourcecode.swift";
			"path" = "Core/ProfileService.swift";
			"sourceTree" = "<group>";
		};
		"70BE95434513784294544170" = {
			"isa" = "PBXBuildFile";
			"fileRef" = "CA2B69E511A592635EEA34E9";
		};
		"EFB8827629E1C73493D5C85D" = {
			"isa" = "PBXFileReference";
			"lastKnownFileType" = "sourcecode.swift";
			"path" = "Core/RegistrationContracts.swift";
			"sourceTree" = "<group>";
		};
		"F5731394B8094B41FDB5FAC5" = {
			"isa" = "PBXBuildFile";
			"fileRef" = "EFB8827629E1C73493D5C85D";
		};
		"FB816FB1FCAD6B56D26DAAF3" = {
			"isa" = "PBXFileReference";
			"lastKnownFileType" = "sourcecode.swift";
			"path" = "Core/RegistrationCoordinator.swift";
			"sourceTree" = "<group>";
		};
		"1E972F0D7C9787F1BD789F45" = {
			"isa" = "PBXBuildFile";
			"fileRef" = "FB816FB1FCAD6B56D26DAAF3";
		};
		"BB2EF1C694DD4497E8BC0B94" = {
			"isa" = "PBXFileReference";
			"lastKnownFileType" = "sourcecode.swift";
			"path" = "Core/RegistrationService.swift";
			"sourceTree" = "<group>";
		};
		"59095E703F6905B02BEBFB4D" = {
			"isa" = "PBXBuildFile";
			"fileRef" = "BB2EF1C694DD4497E8BC0B94";
		};
		"9E656C91C02D58B09E02A12C" = {
			"isa" = "PBXFileReference";
			"lastKnownFileType" = "sourcecode.swift";
			"path" = "Core/RegistrationUIFlow.swift";
			"sourceTree" = "<group>";
		};
		"2AEB1055D9023B6732414D4C" = {
			"isa" = "PBXBuildFile";
			"fileRef" = "9E656C91C02D58B09E02A12C";
		};
		"6EE8DCE639B06042CAF871F1" = {
			"isa" = "PBXFileReference";
			"lastKnownFileType" = "sourcecode.swift";
			"path" = "Core/RegistrationUIForm.swift";
			"sourceTree" = "<group>";
		};
		"2829F8D981A8762D4FBE4280" = {
			"isa" = "PBXBuildFile";
			"fileRef" = "6EE8DCE639B06042CAF871F1";
		};
		"1D435AB9590352FB3DC5A150" = {
			"isa" = "PBXFileReference";
			"lastKnownFileType" = "sourcecode.swift";
			"path" = "Core/RoamAreaInput.swift";
			"sourceTree" = "<group>";
		};
		"64C7E4D59341440475BA3B2F" = {
			"isa" = "PBXBuildFile";
			"fileRef" = "1D435AB9590352FB3DC5A150";
		};
		"FE53410B551F8774AD732140" = {
			"isa" = "PBXFileReference";
			"lastKnownFileType" = "sourcecode.swift";
			"path" = "Core/RoamContracts.swift";
			"sourceTree" = "<group>";
		};
		"D0508C32C6C349B5A9B0C8EE" = {
			"isa" = "PBXBuildFile";
			"fileRef" = "FE53410B551F8774AD732140";
		};
		"B46EF2FDE5274A5C5BFE47F5" = {
			"isa" = "PBXFileReference";
			"lastKnownFileType" = "sourcecode.swift";
			"path" = "Core/RoamMerchant.swift";
			"sourceTree" = "<group>";
		};
		"7994DB4CCFCB73EDB3EDE5FA" = {
			"isa" = "PBXBuildFile";
			"fileRef" = "B46EF2FDE5274A5C5BFE47F5";
		};
		"78DEDBAEA011BF16CB93E22C" = {
			"isa" = "PBXFileReference";
			"lastKnownFileType" = "sourcecode.swift";
			"path" = "Core/RoamReading.swift";
			"sourceTree" = "<group>";
		};
		"364EFD3B7D1CA640DB9175BF" = {
			"isa" = "PBXBuildFile";
			"fileRef" = "78DEDBAEA011BF16CB93E22C";
		};
		"C5CF56B2B4C003EFF9369639" = {
			"isa" = "PBXFileReference";
			"lastKnownFileType" = "sourcecode.swift";
			"path" = "Core/RoamService.swift";
			"sourceTree" = "<group>";
		};
		"47CDF2D69373EEAC5242AB05" = {
			"isa" = "PBXBuildFile";
			"fileRef" = "C5CF56B2B4C003EFF9369639";
		};
		"2713C3AF5046152D7BD56247" = {
			"isa" = "PBXFileReference";
			"lastKnownFileType" = "sourcecode.swift";
			"path" = "Core/ScanPayload.swift";
			"sourceTree" = "<group>";
		};
		"491724724331A539006303B9" = {
			"isa" = "PBXBuildFile";
			"fileRef" = "2713C3AF5046152D7BD56247";
		};
		"CDB2E3D2C7AB8619D5294DD1" = {
			"isa" = "PBXFileReference";
			"lastKnownFileType" = "sourcecode.swift";
			"path" = "Core/SessionEpoch.swift";
			"sourceTree" = "<group>";
		};
		"4D74BD501887112F7DE9C6FD" = {
			"isa" = "PBXBuildFile";
			"fileRef" = "CDB2E3D2C7AB8619D5294DD1";
		};
		"4145FDDB06827E3729342B1E" = {
			"isa" = "PBXFileReference";
			"lastKnownFileType" = "sourcecode.swift";
			"path" = "Core/SessionOperationGate.swift";
			"sourceTree" = "<group>";
		};
		"3223ED43B8ABF7846A2311DF" = {
			"isa" = "PBXBuildFile";
			"fileRef" = "4145FDDB06827E3729342B1E";
		};
		"B9205ADF22D03DB90A9DF532" = {
			"isa" = "PBXFileReference";
			"lastKnownFileType" = "text.json.xcstrings";
			"path" = "Resources/InfoPlist.xcstrings";
			"sourceTree" = "<group>";
		};
		"5F136ADD84E3316C1A3BDCA6" = {
			"isa" = "PBXBuildFile";
			"fileRef" = "B9205ADF22D03DB90A9DF532";
		};
		"DE5EE0876F360E797D806DD9" = {
			"isa" = "PBXFileReference";
			"lastKnownFileType" = "text.json.xcstrings";
			"path" = "Resources/Localizable.xcstrings";
			"sourceTree" = "<group>";
		};
		"7A5F4366DA2C5D1C13FD5B2C" = {
			"isa" = "PBXBuildFile";
			"fileRef" = "DE5EE0876F360E797D806DD9";
		};
		"CAE662172FD450BB0CD710A7" = {
			"isa" = "PBXFileReference";
			"lastKnownFileType" = "text.xcconfig";
			"path" = "Config/Base.xcconfig";
			"sourceTree" = "<group>";
		};
		"A8792157CB4F27FB949C035F" = {
			"isa" = "PBXFileReference";
			"explicitFileType" = "wrapper.application";
			"includeInIndex" = 0;
			"path" = "Questify.app";
			"sourceTree" = "BUILT_PRODUCTS_DIR";
		};
		"0A3E27B8CA818264D75C8D81" = {
			"isa" = "PBXGroup";
			"children" = (
				"A8792157CB4F27FB949C035F",
				"93E46A602338E07A8524AEF6",
			);
			"name" = "Products";
			"sourceTree" = "<group>";
		};
		"19F479106CE8C3BA8C106518" = {
			"isa" = "PBXGroup";
			"children" = (
				"7FE110A1B16F1C76E2B44EAB",
				"74E41CC929B3EEB9D9C0C251",
				"1A4BB41766280F97D1CF2C6B",
				"C4BDF11757060F5BF5F74795",
				"1AF49DE02FE53B0E9C4C5C59",
				"66549DA0D0592DA5EE9730F5",
				"EF553015C2024B8231000DA4",
				"6F42EBEA1DC063C5D3EBC5BB",
				"D94CA663BB4C6261A21DCE65",
				"FF87529B40E21D36CC9ED99F",
				"192BD39924E71BE96ED1AD43",
				"154AD76AE4784E1D99C64578",
				"D8DA1FD14F9B750D9D4E64D6",
				"D9F2B23946B7D2A7C1A4EB11",
				"87EA5D2E6E959776698EC5F0",
				"E95A4B9615F63AF3C46BD526",
				"E0455209C4F8D9AF9BD8B1B7",
				"97BCD19A884437E62D5E6D65",
				"3FFA3958EDD157C5A3D94CAA",
				"994176C6C811A84F940EF3A6",
				"5E4C9DA186766EC2AE527B4F",
				"954654D2182D28E2FED24D49",
				"8556CC5E6DC67E781F307C5E",
				"6B7666BF716D080EDBB5A557",
				"490C9C54035456EAE4C8AA3C",
				"B435788993D860E24976C9CE",
				"08F8AC3C8F671CAA64CD9E1D",
				"68E92BB6D2CE6FC9F7E21342",
				"84734753B373A9B5BDD628D3",
				"DBE29D3BDC846C0DFBA58445",
				"1B669FE8967D226459920FAD",
				"88958C6D61F1AB10FAECDEA2",
				"EA30A4D56BE4084AAD02B229",
				"36D36105228669223151C6E9",
				"7DA2D5E3D7140ECB25AB12DE",
				"9B094AF03554FF4A9A86C5FB",
				"F5CC5BCBF4AF6D44E94D0E4A",
				"CC995ACAD2915B96B718DA98",
				"776E5E0569A65A32168F48F8",
				"FABCEFB4B294DBD3FFD196ED",
				"3C8FDCB83621F3F778B1468D",
				"6B850DD802451651CC20C8F6",
				"D3518A6D184461BAABC9B38D",
				"AD6FCC85D92D4AAF8EAF3130",
				"2F946D4ED713A80D950EBE82",
				"801A5FFBB1154A4EE06A2C17",
				"9DED8EAB4F6ECDEDC6582DF7",
				"2174F61B80F6EB897A2E4519",
				"C26CA241BE029CAD13B6F6C3",
				"5C2631078332A2912D0A5F5C",
				"DEEA91197642B4B295A6A184",
				"13E3B23250A44787F31332B4",
				"16F15ED28BB4D950546E46C7",
				"44FF6526D3EDDFF8AA848DB9",
				"BBA28852507C4E8289D39CDE",
				"E56FC43247EC49F76EA26254",
				"227D0690AF5DE42919B1352B",
				"C1A7D9313401863FF753081E",
				"4B6E710ECC432A4DAFCB10EB",
				"E857D36452456D3482E1B9CD",
				"B159364663116DE73256EF16",
				"95A667BE63CA88C61D4DFD03",
				"4C8AE753042E98C4805108B1",
				"26784887E03A250B06027F4D",
				"A2BE8FFFF74D7C463766EE66",
				"DD569E269DB56BCD23E31191",
				"09D0D765E8E54736A13F3A2C",
				"3763B23C284D37776F6F43BE",
				"79E56E008136D2757471DA70",
				"75DD842E1C72391E33AB1228",
				"23B94D52B4077ADEA360A424",
				"33F68D45CFFA432CD8AB5D73",
				"C7ED8788255E13734272797F",
				"20BB6067303A0CDE2B4AC89A",
				"696F827999369F5AFB5AC512",
				"35C79571D0E400999338F5A5",
				"60735704B98EB6E0DBDFA5A8",
				"4DB09B674A9CB08E71DD9A0A",
				"B3637A5508AC79DC5F3406FD",
				"319440C5604A8038574B7396",
				"0354569B1D7808C1BE8DB028",
				"959ECC7C7B8E69BFEF7F2967",
				"117FE1CF8FDCD95F69558FE4",
				"328B155C3D06ADB0E2004597",
				"BE135455D0D86AAC67045BFD",
				"FA67B3FD81BB2DC3578CAEC4",
				"6CEE41140BF868AF57F5CD5B",
				"4E4F7718E1FC46BAF1C8310E",
				"58375A4B159FA3FCCFBD99B2",
				"35F0E3634CE0AFD87CD15363",
				"B1ACFDFD27577F8ADDE18C82",
				"F2305EDF94ECD4905B299EE8",
				"472FA664746B2CD036D869B6",
				"02F5D75D53918F713B4413C8",
				"EF92C3E7FB8F7188D37147C9",
				"30B4EB913063C6BA5C8E2DC8",
				"A5247684F803CD4650ED7CAB",
				"77057DAB533E2C8DE2A43D93",
				"0E368FCECEEAC34F84073CFF",
				"FED85B957B0AA453CB036CE1",
				"E14D2CDBC1159241B2089297",
				"E1C0F976FD130942E76791ED",
				"7B66D10820834E019DF8ED15",
				"CA2B69E511A592635EEA34E9",
				"EFB8827629E1C73493D5C85D",
				"FB816FB1FCAD6B56D26DAAF3",
				"BB2EF1C694DD4497E8BC0B94",
				"9E656C91C02D58B09E02A12C",
				"6EE8DCE639B06042CAF871F1",
				"1D435AB9590352FB3DC5A150",
				"FE53410B551F8774AD732140",
				"B46EF2FDE5274A5C5BFE47F5",
				"78DEDBAEA011BF16CB93E22C",
				"C5CF56B2B4C003EFF9369639",
				"2713C3AF5046152D7BD56247",
				"CDB2E3D2C7AB8619D5294DD1",
				"4145FDDB06827E3729342B1E",
				"B9205ADF22D03DB90A9DF532",
				"DE5EE0876F360E797D806DD9",
				"CAE662172FD450BB0CD710A7",
				"0A3E27B8CA818264D75C8D81",
				"66E788568176BD42751DB944",
				"8868167DA4A98880863F9204",
				"966D2C93A8CF638AE9207040",
				"BA851E1F4F3FE032492FB7DC",
			);
			"sourceTree" = "<group>";
		};
		"878A52FC5FF6A57D50B7B870" = {
			"isa" = "PBXSourcesBuildPhase";
			"buildActionMask" = 2147483647;
			"files" = (
				"64813A2E149DC6AB711E2D08",
				"07F9CEF9B4809A61F7EB4342",
				"CE576AE852497959A48EEBD7",
				"7E777B37DB6CBF472FFD335C",
				"863666D33411E600CCC1376F",
				"ECD2264D1FFB6B568359A80B",
				"0B011F6E9B82D3A1F32D1BF6",
				"040F13BB1A7C719666560B10",
				"025A794DAAC8A98EDCF1C7BF",
				"D22EE7F9861F005F98300F98",
				"46A7B9E26B8772353113B0F6",
				"23E265730E3F6A465B598B94",
				"5453573F16CFD92D6AA09247",
				"AA497B603AF59E3F239AA03C",
				"4E81B96F1EAA270AA63DB4C2",
				"6905EBD934EEB1302ADA083F",
				"FB7928B0ED10FDA077FC377D",
				"F1B0FA7ABABF58085ADB50AD",
				"69AB87740CE786288AB31FBB",
				"7C73A1A22208E96E29BBF176",
				"1BB6B894482CFEB1F85DE54E",
				"9C396623FB49C848013F6C07",
				"330AF3390333085976DE682E",
				"9913528BF941B60FF651872A",
				"ECDA26536837E6D6B882ED12",
				"7F1BDE17F75E817CC8DBFD44",
				"1F921D82E28BD3A77A7EED07",
				"C335BC863FDD8AF9BAF5FAE1",
				"03FEDE05D92D74987FD10FA6",
				"E71288EBC5D73C2E530733C6",
				"887044941B1C20B7C94C8E32",
				"F49064626F936DD126C1C639",
				"6C532C2CD0D7ACB243E8A150",
				"D368623759022560DCCC362A",
				"2575EB47755A47A854AAF840",
				"2EE93CEE4C6FC5C2005B2086",
				"599673623FCFBE4A3439BC29",
				"AF773851A7178843B7602CE6",
				"D9146E8573CBB05BDEE40086",
				"A85668FB109326CBF51DB01F",
				"271C63B29300E666BB479CA6",
				"52BE73F8562BF15EC5FFEC89",
				"30A3FD97A0BA444F9CCA644F",
				"21D7B5754F6E32C0EC571627",
				"BC97DA2422CF6AD4EA6F407B",
				"C592CFD2F078C7F8B20D8CED",
				"DE22C6AF8BB9C33C00FEF593",
				"A1151449A4300E86E84B1385",
				"E9E90C983628299A019FADE6",
				"E734CF4271091DCB1AA025FB",
				"E7D797B4AB3C3ACFE88D5BAF",
				"BA8142009EB964EA83E45805",
				"3AD79AB7E363F13C47B90B94",
				"D5A32CFBA3E396C0AED0C327",
				"9C6FEB76703B3574FCB7FB1F",
				"C09632AC44E3FB3398AF4276",
				"F64D5DBBE1DA9959FEB6BF02",
				"A18D06F451FFA719EC61F3F2",
				"2329C6D958A7CC0759F4CE51",
				"F786C0FE961AE5B5C3EB82DC",
				"046C86AC014A9BF8181721C2",
				"B4E5CD9C4513CF0FEA8ACC2B",
				"B1EDF6D721DB4159FC852D2B",
				"726B017AB0C8377AA9E03CB7",
				"2EE67CDA63671CFD5FF1290C",
				"54FE7793AD08F2A7B60C1BE0",
				"1C97DA28C6AF31AF423963EC",
				"998052F18D28B531A21A68C8",
				"73383D9E38C0FEE599501180",
				"F986E08EEEF5D1E1BBFEA3E0",
				"EFD0C7603312157E857957E6",
				"93A9AA6AD49D2B0EC8F3524B",
				"27C8537C8ED7F7AE69910709",
				"A31D37224ABB224D19DD844D",
				"5BFCEC69121174BE32FD2B54",
				"236BF6924C78F8495C240306",
				"F40CF93F14EFF126EB3BC825",
				"100969A88506CF25C78E99A8",
				"8AEC4003AF0C01ED030B46D8",
				"8939A3B7DDF28D23DB3E5A70",
				"12B39DAECC4D18241FC0F5A8",
				"4B83E4AAF725D6606E16C448",
				"1EF609E78A0C3A65D42D30B7",
				"8D62665CDFB61FDC816FAE56",
				"A90C68395D92E7A0D5397A7E",
				"F6BA6C977C3BFFAFE490ECEF",
				"FB944BB0B3B0926D99437DF1",
				"2EF18906F370F4D3CFDED374",
				"B7B4E70B3E26F3AB3D294738",
				"C6BBAEF5E034C89CCF63BC32",
				"0E7CBA438683F2C9353BA73E",
				"8C3E655599CB853C650538DE",
				"1B1D44A9C57431D355396740",
				"A4EB48F58E9F588C500BE491",
				"5E5861895235D796F7142AFD",
				"30947B950A21B91B3EF0ED43",
				"C93197D770D82B7FABD9F476",
				"DD5A903CE24355A4EA5E6ECB",
				"B8FA91C124E8ABEA33225949",
				"858AC73646BD05E47264E7C5",
				"377AC63FA1FE739D264B78D5",
				"6824DDCBBDF7B04003B34320",
				"7F446D30EDAAC722FE2C53FE",
				"70BE95434513784294544170",
				"F5731394B8094B41FDB5FAC5",
				"1E972F0D7C9787F1BD789F45",
				"59095E703F6905B02BEBFB4D",
				"2AEB1055D9023B6732414D4C",
				"2829F8D981A8762D4FBE4280",
				"64C7E4D59341440475BA3B2F",
				"D0508C32C6C349B5A9B0C8EE",
				"7994DB4CCFCB73EDB3EDE5FA",
				"364EFD3B7D1CA640DB9175BF",
				"47CDF2D69373EEAC5242AB05",
				"491724724331A539006303B9",
				"4D74BD501887112F7DE9C6FD",
				"3223ED43B8ABF7846A2311DF",
			);
			"runOnlyForDeploymentPostprocessing" = 0;
		};
		"41D311A605520FC7B8B9A980" = {
			"isa" = "PBXResourcesBuildPhase";
			"buildActionMask" = 2147483647;
			"files" = (
				"5F136ADD84E3316C1A3BDCA6",
				"7A5F4366DA2C5D1C13FD5B2C",
			);
			"runOnlyForDeploymentPostprocessing" = 0;
		};
		"E2AA269EB967A8853A258BFA" = {
			"isa" = "PBXFrameworksBuildPhase";
			"buildActionMask" = 2147483647;
			"files" = (
			);
			"runOnlyForDeploymentPostprocessing" = 0;
		};
		"6C7EFF6369083C8E1F2B1994" = {
			"isa" = "XCBuildConfiguration";
			"name" = "Debug";
			"buildSettings" = {
				"PRODUCT_NAME" = "$(TARGET_NAME)";
				"SUPPORTED_PLATFORMS" = "iphoneos iphonesimulator";
				"SWIFT_EMIT_LOC_STRINGS" = "YES";
				"SWIFT_OPTIMIZATION_LEVEL" = "-Onone";
				"DEBUG_INFORMATION_FORMAT" = "dwarf";
				"SWIFT_ACTIVE_COMPILATION_CONDITIONS" = "DEBUG $(inherited)";
			};
			"baseConfigurationReference" = "CAE662172FD450BB0CD710A7";
		};
		"DD75E2CB1C510A828AC72D96" = {
			"isa" = "XCBuildConfiguration";
			"name" = "Release";
			"buildSettings" = {
				"PRODUCT_NAME" = "$(TARGET_NAME)";
				"SUPPORTED_PLATFORMS" = "iphoneos iphonesimulator";
				"SWIFT_EMIT_LOC_STRINGS" = "YES";
				"SWIFT_OPTIMIZATION_LEVEL" = "-O";
				"DEBUG_INFORMATION_FORMAT" = "dwarf-with-dsym";
			};
			"baseConfigurationReference" = "CAE662172FD450BB0CD710A7";
		};
		"1B672BF3DA427763BF644BE3" = {
			"isa" = "XCConfigurationList";
			"buildConfigurations" = (
				"6C7EFF6369083C8E1F2B1994",
				"DD75E2CB1C510A828AC72D96",
			);
			"defaultConfigurationIsVisible" = 0;
			"defaultConfigurationName" = "Release";
		};
		"34A04005BCAF206EEC990BD9" = {
			"isa" = "PBXNativeTarget";
			"buildConfigurationList" = "1B672BF3DA427763BF644BE3";
			"buildPhases" = (
				"878A52FC5FF6A57D50B7B870",
				"E2AA269EB967A8853A258BFA",
				"41D311A605520FC7B8B9A980",
			);
			"buildRules" = (
			);
			"dependencies" = (
			);
			"name" = "Questify";
			"productName" = "Questify";
			"productReference" = "A8792157CB4F27FB949C035F";
			"productType" = "com.apple.product-type.application";
		};
		"66E788568176BD42751DB944" = {
			"isa" = "PBXFileReference";
			"lastKnownFileType" = "sourcecode.swift";
			"path" = "Tests/AppUITests/ActivityFlowTests.swift";
			"sourceTree" = "<group>";
		};
		"D5C2867F681F497D80C4FD4C" = {
			"isa" = "PBXBuildFile";
			"fileRef" = "66E788568176BD42751DB944";
		};
		"8868167DA4A98880863F9204" = {
			"isa" = "PBXFileReference";
			"lastKnownFileType" = "sourcecode.swift";
			"path" = "Tests/AppUITests/ClubActionFlowTests.swift";
			"sourceTree" = "<group>";
		};
		"8FF43D5CB78CCDFC2B87CE7D" = {
			"isa" = "PBXBuildFile";
			"fileRef" = "8868167DA4A98880863F9204";
		};
		"966D2C93A8CF638AE9207040" = {
			"isa" = "PBXFileReference";
			"lastKnownFileType" = "sourcecode.swift";
			"path" = "Tests/AppUITests/EntryFlowTests.swift";
			"sourceTree" = "<group>";
		};
		"A0D37CFDB74370E33EC5F4F6" = {
			"isa" = "PBXBuildFile";
			"fileRef" = "966D2C93A8CF638AE9207040";
		};
		"BA851E1F4F3FE032492FB7DC" = {
			"isa" = "PBXFileReference";
			"lastKnownFileType" = "sourcecode.swift";
			"path" = "Tests/AppUITests/ModuleFlowTests.swift";
			"sourceTree" = "<group>";
		};
		"A0EF509173BCA11DCB538A15" = {
			"isa" = "PBXBuildFile";
			"fileRef" = "BA851E1F4F3FE032492FB7DC";
		};
		"93E46A602338E07A8524AEF6" = {
			"isa" = "PBXFileReference";
			"explicitFileType" = "wrapper.cfbundle";
			"includeInIndex" = 0;
			"path" = "QuestifyUITests.xctest";
			"sourceTree" = "BUILT_PRODUCTS_DIR";
		};
		"156F725150A84FCB69393542" = {
			"isa" = "XCBuildConfiguration";
			"name" = "Debug";
			"baseConfigurationReference" = "CAE662172FD450BB0CD710A7";
			"buildSettings" = {
				"PRODUCT_NAME" = "$(TARGET_NAME)";
				"PRODUCT_BUNDLE_IDENTIFIER" = "invalid.example.questify.ios.uitests";
				"TEST_TARGET_NAME" = "Questify";
				"SWIFT_OPTIMIZATION_LEVEL" = "-Onone";
				"LD_RUNPATH_SEARCH_PATHS" = "$(inherited) @executable_path/Frameworks @loader_path/Frameworks";
			};
		};
		"C23B5A69B2E27C3E5F160FC6" = {
			"isa" = "XCBuildConfiguration";
			"name" = "Release";
			"baseConfigurationReference" = "CAE662172FD450BB0CD710A7";
			"buildSettings" = {
				"PRODUCT_NAME" = "$(TARGET_NAME)";
				"PRODUCT_BUNDLE_IDENTIFIER" = "invalid.example.questify.ios.uitests";
				"TEST_TARGET_NAME" = "Questify";
				"SWIFT_OPTIMIZATION_LEVEL" = "-Onone";
				"LD_RUNPATH_SEARCH_PATHS" = "$(inherited) @executable_path/Frameworks @loader_path/Frameworks";
			};
		};
		"F39F41D0F9A1459B523C2622" = {
			"isa" = "XCConfigurationList";
			"buildConfigurations" = (
				"156F725150A84FCB69393542",
				"C23B5A69B2E27C3E5F160FC6",
			);
			"defaultConfigurationIsVisible" = 0;
			"defaultConfigurationName" = "Release";
		};
		"760DD443C1DF2461277A1FDF" = {
			"isa" = "PBXSourcesBuildPhase";
			"buildActionMask" = 2147483647;
			"files" = (
				"D5C2867F681F497D80C4FD4C",
				"8FF43D5CB78CCDFC2B87CE7D",
				"A0D37CFDB74370E33EC5F4F6",
				"A0EF509173BCA11DCB538A15",
			);
			"runOnlyForDeploymentPostprocessing" = 0;
		};
		"F6301EAD2AC55A883FB1AF3A" = {
			"isa" = "PBXContainerItemProxy";
			"containerPortal" = "244210E48437B6556980A702";
			"proxyType" = 1;
			"remoteGlobalIDString" = "34A04005BCAF206EEC990BD9";
			"remoteInfo" = "Questify";
		};
		"8DA290C1E75835394B937A40" = {
			"isa" = "PBXTargetDependency";
			"target" = "34A04005BCAF206EEC990BD9";
			"targetProxy" = "F6301EAD2AC55A883FB1AF3A";
		};
		"4EA0BBFB4641B4E941FBF077" = {
			"isa" = "PBXNativeTarget";
			"buildConfigurationList" = "F39F41D0F9A1459B523C2622";
			"buildPhases" = (
				"760DD443C1DF2461277A1FDF",
			);
			"buildRules" = (
			);
			"dependencies" = (
				"8DA290C1E75835394B937A40",
			);
			"name" = "QuestifyUITests";
			"productName" = "QuestifyUITests";
			"productReference" = "93E46A602338E07A8524AEF6";
			"productType" = "com.apple.product-type.bundle.ui-testing";
		};
		"73EBF6644258C120893E685D" = {
			"isa" = "XCBuildConfiguration";
			"name" = "Debug";
			"buildSettings" = {
				"SDKROOT" = "iphoneos";
				"CLANG_ENABLE_MODULES" = "YES";
			};
		};
		"0B0C687DF8B6B8DC790B519C" = {
			"isa" = "XCBuildConfiguration";
			"name" = "Release";
			"buildSettings" = {
				"SDKROOT" = "iphoneos";
				"CLANG_ENABLE_MODULES" = "YES";
			};
		};
		"76F8DEC3DFE0BDB465198890" = {
			"isa" = "XCConfigurationList";
			"buildConfigurations" = (
				"73EBF6644258C120893E685D",
				"0B0C687DF8B6B8DC790B519C",
			);
			"defaultConfigurationIsVisible" = 0;
			"defaultConfigurationName" = "Release";
		};
		"244210E48437B6556980A702" = {
			"isa" = "PBXProject";
			"attributes" = {
				"LastUpgradeCheck" = "1500";
				"TargetAttributes" = {
					"4EA0BBFB4641B4E941FBF077" = {
						"TestTargetID" = "34A04005BCAF206EEC990BD9";
					};
				};
			};
			"buildConfigurationList" = "76F8DEC3DFE0BDB465198890";
			"compatibilityVersion" = "Xcode 14.0";
			"developmentRegion" = "en";
			"hasScannedForEncodings" = 0;
			"knownRegions" = (
				"en",
				"zh-Hans",
				"Base",
			);
			"mainGroup" = "19F479106CE8C3BA8C106518";
			"productRefGroup" = "0A3E27B8CA818264D75C8D81";
			"projectDirPath" = "";
			"projectRoot" = "";
			"targets" = (
				"34A04005BCAF206EEC990BD9",
				"4EA0BBFB4641B4E941FBF077",
			);
		};
	};
	"rootObject" = "244210E48437B6556980A702";
}
