// !$*UTF8*$!
{
	"archiveVersion" = 1;
	"classes" = {
	};
	"objectVersion" = 56;
	"objects" = {
		"7FE110A1B16F1C76E2B44EAB" = {
			"isa" = "PBXFileReference";
			"lastKnownFileType" = "sourcecode.swift";
			"path" = "App/AccountView.swift";
			"sourceTree" = "<group>";
		};
		"64813A2E149DC6AB711E2D08" = {
			"isa" = "PBXBuildFile";
			"fileRef" = "7FE110A1B16F1C76E2B44EAB";
		};
		"66549DA0D0592DA5EE9730F5" = {
			"isa" = "PBXFileReference";
			"lastKnownFileType" = "sourcecode.swift";
			"path" = "App/AppSession.swift";
			"sourceTree" = "<group>";
		};
		"ECD2264D1FFB6B568359A80B" = {
			"isa" = "PBXBuildFile";
			"fileRef" = "66549DA0D0592DA5EE9730F5";
		};
		"490C9C54035456EAE4C8AA3C" = {
			"isa" = "PBXFileReference";
			"lastKnownFileType" = "sourcecode.swift";
			"path" = "App/KeychainTokenStore.swift";
			"sourceTree" = "<group>";
		};
		"ECDA26536837E6D6B882ED12" = {
			"isa" = "PBXBuildFile";
			"fileRef" = "490C9C54035456EAE4C8AA3C";
		};
		"B435788993D860E24976C9CE" = {
			"isa" = "PBXFileReference";
			"lastKnownFileType" = "sourcecode.swift";
			"path" = "App/LoginView.swift";
			"sourceTree" = "<group>";
		};
		"7F1BDE17F75E817CC8DBFD44" = {
			"isa" = "PBXBuildFile";
			"fileRef" = "B435788993D860E24976C9CE";
		};
		"44FF6526D3EDDFF8AA848DB9" = {
			"isa" = "PBXFileReference";
			"lastKnownFileType" = "sourcecode.swift";
			"path" = "App/QuestifyApp.swift";
			"sourceTree" = "<group>";
		};
		"D5A32CFBA3E396C0AED0C327" = {
			"isa" = "PBXBuildFile";
			"fileRef" = "44FF6526D3EDDFF8AA848DB9";
		};
		"26784887E03A250B06027F4D" = {
			"isa" = "PBXFileReference";
			"lastKnownFileType" = "sourcecode.swift";
			"path" = "App/SettingsView.swift";
			"sourceTree" = "<group>";
		};
		"726B017AB0C8377AA9E03CB7" = {
			"isa" = "PBXBuildFile";
			"fileRef" = "26784887E03A250B06027F4D";
		};
		"A2BE8FFFF74D7C463766EE66" = {
			"isa" = "PBXFileReference";
			"lastKnownFileType" = "sourcecode.swift";
			"path" = "App/WelcomeView.swift";
			"sourceTree" = "<group>";
		};
		"2EE67CDA63671CFD5FF1290C" = {
			"isa" = "PBXBuildFile";
			"fileRef" = "A2BE8FFFF74D7C463766EE66";
		};
		"DD569E269DB56BCD23E31191" = {
			"isa" = "PBXFileReference";
			"lastKnownFileType" = "sourcecode.swift";
			"path" = "Core/APIConfiguration.swift";
			"sourceTree" = "<group>";
		};
		"54FE7793AD08F2A7B60C1BE0" = {
			"isa" = "PBXBuildFile";
			"fileRef" = "DD569E269DB56BCD23E31191";
		};
		"09D0D765E8E54736A13F3A2C" = {
			"isa" = "PBXFileReference";
			"lastKnownFileType" = "sourcecode.swift";
			"path" = "Core/Account.swift";
			"sourceTree" = "<group>";
		};
		"1C97DA28C6AF31AF423963EC" = {
			"isa" = "PBXBuildFile";
			"fileRef" = "09D0D765E8E54736A13F3A2C";
		};
		"75DD842E1C72391E33AB1228" = {
			"isa" = "PBXFileReference";
			"lastKnownFileType" = "sourcecode.swift";
			"path" = "Core/ActivitySummary.swift";
			"sourceTree" = "<group>";
		};
		"F986E08EEEF5D1E1BBFEA3E0" = {
			"isa" = "PBXBuildFile";
			"fileRef" = "75DD842E1C72391E33AB1228";
		};
		"23B94D52B4077ADEA360A424" = {
			"isa" = "PBXFileReference";
			"lastKnownFileType" = "sourcecode.swift";
			"path" = "Core/AppPreferences.swift";
			"sourceTree" = "<group>";
		};
		"EFD0C7603312157E857957E6" = {
			"isa" = "PBXBuildFile";
			"fileRef" = "23B94D52B4077ADEA360A424";
		};
		"20BB6067303A0CDE2B4AC89A" = {
			"isa" = "PBXFileReference";
			"lastKnownFileType" = "sourcecode.swift";
			"path" = "Core/AuthRequestBuilder.swift";
			"sourceTree" = "<group>";
		};
		"A31D37224ABB224D19DD844D" = {
			"isa" = "PBXBuildFile";
			"fileRef" = "20BB6067303A0CDE2B4AC89A";
		};
		"696F827999369F5AFB5AC512" = {
			"isa" = "PBXFileReference";
			"lastKnownFileType" = "sourcecode.swift";
			"path" = "Core/AuthService.swift";
			"sourceTree" = "<group>";
		};
		"5BFCEC69121174BE32FD2B54" = {
			"isa" = "PBXBuildFile";
			"fileRef" = "696F827999369F5AFB5AC512";
		};
		"CDB2E3D2C7AB8619D5294DD1" = {
			"isa" = "PBXFileReference";
			"lastKnownFileType" = "sourcecode.swift";
			"path" = "Core/SessionEpoch.swift";
			"sourceTree" = "<group>";
		};
		"4D74BD501887112F7DE9C6FD" = {
			"isa" = "PBXBuildFile";
			"fileRef" = "CDB2E3D2C7AB8619D5294DD1";
		};
		"4145FDDB06827E3729342B1E" = {
			"isa" = "PBXFileReference";
			"lastKnownFileType" = "sourcecode.swift";
			"path" = "Core/SessionOperationGate.swift";
			"sourceTree" = "<group>";
		};
		"3223ED43B8ABF7846A2311DF" = {
			"isa" = "PBXBuildFile";
			"fileRef" = "4145FDDB06827E3729342B1E";
		};
		"DE5EE0876F360E797D806DD9" = {
			"isa" = "PBXFileReference";
			"lastKnownFileType" = "text.json.xcstrings";
			"path" = "Resources/Localizable.xcstrings";
			"sourceTree" = "<group>";
		};
		"7A5F4366DA2C5D1C13FD5B2C" = {
			"isa" = "PBXBuildFile";
			"fileRef" = "DE5EE0876F360E797D806DD9";
		};
		"CAE662172FD450BB0CD710A7" = {
			"isa" = "PBXFileReference";
			"lastKnownFileType" = "text.xcconfig";
			"path" = "Config/Base.xcconfig";
			"sourceTree" = "<group>";
		};
		"A8792157CB4F27FB949C035F" = {
			"isa" = "PBXFileReference";
			"explicitFileType" = "wrapper.application";
			"includeInIndex" = 0;
			"path" = "Questify.app";
			"sourceTree" = "BUILT_PRODUCTS_DIR";
		};
		"0A3E27B8CA818264D75C8D81" = {
			"isa" = "PBXGroup";
			"children" = (
				"A8792157CB4F27FB949C035F",
				"93E46A602338E07A8524AEF6",
			);
			"name" = "Products";
			"sourceTree" = "<group>";
		};
		"19F479106CE8C3BA8C106518" = {
			"isa" = "PBXGroup";
			"children" = (
				"7FE110A1B16F1C76E2B44EAB",
				"66549DA0D0592DA5EE9730F5",
				"490C9C54035456EAE4C8AA3C",
				"B435788993D860E24976C9CE",
				"44FF6526D3EDDFF8AA848DB9",
				"26784887E03A250B06027F4D",
				"A2BE8FFFF74D7C463766EE66",
				"DD569E269DB56BCD23E31191",
				"09D0D765E8E54736A13F3A2C",
				"75DD842E1C72391E33AB1228",
				"23B94D52B4077ADEA360A424",
				"20BB6067303A0CDE2B4AC89A",
				"696F827999369F5AFB5AC512",
				"CDB2E3D2C7AB8619D5294DD1",
				"4145FDDB06827E3729342B1E",
				"DE5EE0876F360E797D806DD9",
				"CAE662172FD450BB0CD710A7",
				"0A3E27B8CA818264D75C8D81",
				"966D2C93A8CF638AE9207040",
			);
			"sourceTree" = "<group>";
		};
		"878A52FC5FF6A57D50B7B870" = {
			"isa" = "PBXSourcesBuildPhase";
			"buildActionMask" = 2147483647;
			"files" = (
				"64813A2E149DC6AB711E2D08",
				"ECD2264D1FFB6B568359A80B",
				"ECDA26536837E6D6B882ED12",
				"7F1BDE17F75E817CC8DBFD44",
				"D5A32CFBA3E396C0AED0C327",
				"726B017AB0C8377AA9E03CB7",
				"2EE67CDA63671CFD5FF1290C",
				"54FE7793AD08F2A7B60C1BE0",
				"1C97DA28C6AF31AF423963EC",
				"F986E08EEEF5D1E1BBFEA3E0",
				"EFD0C7603312157E857957E6",
				"A31D37224ABB224D19DD844D",
				"5BFCEC69121174BE32FD2B54",
				"4D74BD501887112F7DE9C6FD",
				"3223ED43B8ABF7846A2311DF",
			);
			"runOnlyForDeploymentPostprocessing" = 0;
		};
		"41D311A605520FC7B8B9A980" = {
			"isa" = "PBXResourcesBuildPhase";
			"buildActionMask" = 2147483647;
			"files" = (
				"7A5F4366DA2C5D1C13FD5B2C",
			);
			"runOnlyForDeploymentPostprocessing" = 0;
		};
		"E2AA269EB967A8853A258BFA" = {
			"isa" = "PBXFrameworksBuildPhase";
			"buildActionMask" = 2147483647;
			"files" = (
			);
			"runOnlyForDeploymentPostprocessing" = 0;
		};
		"6C7EFF6369083C8E1F2B1994" = {
			"isa" = "XCBuildConfiguration";
			"name" = "Debug";
			"buildSettings" = {
				"PRODUCT_NAME" = "$(TARGET_NAME)";
				"SUPPORTED_PLATFORMS" = "iphoneos iphonesimulator";
				"SWIFT_EMIT_LOC_STRINGS" = "YES";
				"SWIFT_OPTIMIZATION_LEVEL" = "-Onone";
				"DEBUG_INFORMATION_FORMAT" = "dwarf";
				"SWIFT_ACTIVE_COMPILATION_CONDITIONS" = "DEBUG $(inherited)";
			};
			"baseConfigurationReference" = "CAE662172FD450BB0CD710A7";
		};
		"DD75E2CB1C510A828AC72D96" = {
			"isa" = "XCBuildConfiguration";
			"name" = "Release";
			"buildSettings" = {
				"PRODUCT_NAME" = "$(TARGET_NAME)";
				"SUPPORTED_PLATFORMS" = "iphoneos iphonesimulator";
				"SWIFT_EMIT_LOC_STRINGS" = "YES";
				"SWIFT_OPTIMIZATION_LEVEL" = "-O";
				"DEBUG_INFORMATION_FORMAT" = "dwarf-with-dsym";
			};
			"baseConfigurationReference" = "CAE662172FD450BB0CD710A7";
		};
		"1B672BF3DA427763BF644BE3" = {
			"isa" = "XCConfigurationList";
			"buildConfigurations" = (
				"6C7EFF6369083C8E1F2B1994",
				"DD75E2CB1C510A828AC72D96",
			);
			"defaultConfigurationIsVisible" = 0;
			"defaultConfigurationName" = "Release";
		};
		"34A04005BCAF206EEC990BD9" = {
			"isa" = "PBXNativeTarget";
			"buildConfigurationList" = "1B672BF3DA427763BF644BE3";
			"buildPhases" = (
				"878A52FC5FF6A57D50B7B870",
				"E2AA269EB967A8853A258BFA",
				"41D311A605520FC7B8B9A980",
			);
			"buildRules" = (
			);
			"dependencies" = (
			);
			"name" = "Questify";
			"productName" = "Questify";
			"productReference" = "A8792157CB4F27FB949C035F";
			"productType" = "com.apple.product-type.application";
		};
		"966D2C93A8CF638AE9207040" = {
			"isa" = "PBXFileReference";
			"lastKnownFileType" = "sourcecode.swift";
			"path" = "Tests/AppUITests/EntryFlowTests.swift";
			"sourceTree" = "<group>";
		};
		"A0D37CFDB74370E33EC5F4F6" = {
			"isa" = "PBXBuildFile";
			"fileRef" = "966D2C93A8CF638AE9207040";
		};
		"93E46A602338E07A8524AEF6" = {
			"isa" = "PBXFileReference";
			"explicitFileType" = "wrapper.cfbundle";
			"includeInIndex" = 0;
			"path" = "QuestifyUITests.xctest";
			"sourceTree" = "BUILT_PRODUCTS_DIR";
		};
		"156F725150A84FCB69393542" = {
			"isa" = "XCBuildConfiguration";
			"name" = "Debug";
			"baseConfigurationReference" = "CAE662172FD450BB0CD710A7";
			"buildSettings" = {
				"PRODUCT_NAME" = "$(TARGET_NAME)";
				"PRODUCT_BUNDLE_IDENTIFIER" = "invalid.example.questify.ios.uitests";
				"TEST_TARGET_NAME" = "Questify";
				"SWIFT_OPTIMIZATION_LEVEL" = "-Onone";
				"LD_RUNPATH_SEARCH_PATHS" = "$(inherited) @executable_path/Frameworks @loader_path/Frameworks";
			};
		};
		"C23B5A69B2E27C3E5F160FC6" = {
			"isa" = "XCBuildConfiguration";
			"name" = "Release";
			"baseConfigurationReference" = "CAE662172FD450BB0CD710A7";
			"buildSettings" = {
				"PRODUCT_NAME" = "$(TARGET_NAME)";
				"PRODUCT_BUNDLE_IDENTIFIER" = "invalid.example.questify.ios.uitests";
				"TEST_TARGET_NAME" = "Questify";
				"SWIFT_OPTIMIZATION_LEVEL" = "-Onone";
				"LD_RUNPATH_SEARCH_PATHS" = "$(inherited) @executable_path/Frameworks @loader_path/Frameworks";
			};
		};
		"F39F41D0F9A1459B523C2622" = {
			"isa" = "XCConfigurationList";
			"buildConfigurations" = (
				"156F725150A84FCB69393542",
				"C23B5A69B2E27C3E5F160FC6",
			);
			"defaultConfigurationIsVisible" = 0;
			"defaultConfigurationName" = "Release";
		};
		"760DD443C1DF2461277A1FDF" = {
			"isa" = "PBXSourcesBuildPhase";
			"buildActionMask" = 2147483647;
			"files" = (
				"A0D37CFDB74370E33EC5F4F6",
			);
			"runOnlyForDeploymentPostprocessing" = 0;
		};
		"F6301EAD2AC55A883FB1AF3A" = {
			"isa" = "PBXContainerItemProxy";
			"containerPortal" = "244210E48437B6556980A702";
			"proxyType" = 1;
			"remoteGlobalIDString" = "34A04005BCAF206EEC990BD9";
			"remoteInfo" = "Questify";
		};
		"8DA290C1E75835394B937A40" = {
			"isa" = "PBXTargetDependency";
			"target" = "34A04005BCAF206EEC990BD9";
			"targetProxy" = "F6301EAD2AC55A883FB1AF3A";
		};
		"4EA0BBFB4641B4E941FBF077" = {
			"isa" = "PBXNativeTarget";
			"buildConfigurationList" = "F39F41D0F9A1459B523C2622";
			"buildPhases" = (
				"760DD443C1DF2461277A1FDF",
			);
			"buildRules" = (
			);
			"dependencies" = (
				"8DA290C1E75835394B937A40",
			);
			"name" = "QuestifyUITests";
			"productName" = "QuestifyUITests";
			"productReference" = "93E46A602338E07A8524AEF6";
			"productType" = "com.apple.product-type.bundle.ui-testing";
		};
		"73EBF6644258C120893E685D" = {
			"isa" = "XCBuildConfiguration";
			"name" = "Debug";
			"buildSettings" = {
				"SDKROOT" = "iphoneos";
				"CLANG_ENABLE_MODULES" = "YES";
			};
		};
		"0B0C687DF8B6B8DC790B519C" = {
			"isa" = "XCBuildConfiguration";
			"name" = "Release";
			"buildSettings" = {
				"SDKROOT" = "iphoneos";
				"CLANG_ENABLE_MODULES" = "YES";
			};
		};
		"76F8DEC3DFE0BDB465198890" = {
			"isa" = "XCConfigurationList";
			"buildConfigurations" = (
				"73EBF6644258C120893E685D",
				"0B0C687DF8B6B8DC790B519C",
			);
			"defaultConfigurationIsVisible" = 0;
			"defaultConfigurationName" = "Release";
		};
		"244210E48437B6556980A702" = {
			"isa" = "PBXProject";
			"attributes" = {
				"LastUpgradeCheck" = "1500";
				"TargetAttributes" = {
					"4EA0BBFB4641B4E941FBF077" = {
						"TestTargetID" = "34A04005BCAF206EEC990BD9";
					};
				};
			};
			"buildConfigurationList" = "76F8DEC3DFE0BDB465198890";
			"compatibilityVersion" = "Xcode 14.0";
			"developmentRegion" = "en";
			"hasScannedForEncodings" = 0;
			"knownRegions" = (
				"en",
				"zh-Hans",
				"Base",
			);
			"mainGroup" = "19F479106CE8C3BA8C106518";
			"productRefGroup" = "0A3E27B8CA818264D75C8D81";
			"projectDirPath" = "";
			"projectRoot" = "";
			"targets" = (
				"34A04005BCAF206EEC990BD9",
				"4EA0BBFB4641B4E941FBF077",
			);
		};
	};
	"rootObject" = "244210E48437B6556980A702";
}
